github.com/alextanhongpin/core/sync/cache v0.0.1 h1:5dxLVf9F1mwp4/zh/oOabzTC7LNGKC5BkzzAM5POmQE=
github.com/alextanhongpin/core/sync/cache v0.0.1/go.mod h1:U3MelrHlotkykz9jUufIy79BjMOZtVVecVwB6fYLUvQ=
github.com/alextanhongpin/core/sync/cache v0.0.2 h1:Wre0bL6N4DddppOSqOhwY9CI3mWhWpM6Gg1Gu1l7TtQ=
github.com/alextanhongpin/core/sync/cache v0.0.2/go.mod h1:U3MelrHlotkykz9jUufIy79BjMOZtVVecVwB6fYLUvQ=
