github.com/alextanhongpin/core/sync/rate v0.0.0-20240827132545-a3c3f85a9182 h1:qdE3r9kO/bVDCg+o/1YkaVIRd1izFHKzq+xZIDg1Dl0=
github.com/alextanhongpin/core/sync/rate v0.0.0-20240827132545-a3c3f85a9182/go.mod h1:1x3Trxscyf8ovXWIcw7MfRWvrzH0hsNtybKoJAKFUvo=
golang.org/x/exp v0.0.0-20240823005443-9b4947da3948 h1:kx6Ds3MlpiUHKj7syVnbp57++8WpuKPcR5yjLBjvLEA=
golang.org/x/exp v0.0.0-20240823005443-9b4947da3948/go.mod h1:akd2r19cwCdwSwWeIdzYQGa/EZZyqcOdwWiwj5L5eKQ=
