cuelabs.dev/go/oci/ociregistry v0.0.0-20240314152124-224736b49f2e h1:GwCVItFUPxwdsEYnlUcJ6PJxOjTeFFCKOh6QWg4oAzQ=
cuelabs.dev/go/oci/ociregistry v0.0.0-20240314152124-224736b49f2e/go.mod h1:ApHceQLLwcOkCEXM1+DyCXTHEJhNGDpJ2kmV6axsx24=
cuelang.org/go v0.8.2 h1:vWfHI1kQlBvwkna7ktAqXjV5LUEAgU6vyMlJjvZZaDw=
cuelang.org/go v0.8.2/go.mod h1:CoDbYolfMms4BhWUlhD+t5ORnihR7wvjcfgyO9lL5FI=
github.com/PuerkitoBio/goquery v1.9.2 h1:4/wZksC3KgkQw7SQgkKotmKljk0M6V8TUvA8Wb4yPeE=
github.com/PuerkitoBio/goquery v1.9.2/go.mod h1:GHPCaP0ODyyxqcNoFGYlAprUFH81NuRPd0GX3Zu2Mvk=
github.com/alextanhongpin/errors v0.0.0-20250610143840-5f47b6249c8d h1:D5Rn/Oo2hCwPHa8T3pILXYHgMT4UCcjcQBejj54CRWs=
github.com/alextanhongpin/errors v0.0.0-20250610143840-5f47b6249c8d/go.mod h1:nfbY/iXu12t3LReZ5akIQtStZglJrN+vKOcWMvm5hO4=
github.com/alextanhongpin/testdump/httpdump v0.0.0-20250608043033-1b71f7f044e4 h1:7oU3gfBbyH4o/VuuE6SE7VqH7j9Jp2NIqtnz4H9Rr/4=
github.com/alextanhongpin/testdump/httpdump v0.0.0-20250608043033-1b71f7f044e4/go.mod h1:vIrGM419ww7ORXyPJL2ie8Ib/H5rbA17izMqKNwgBLA=
github.com/alextanhongpin/testdump/jsondump v0.0.0-20250608043033-1b71f7f044e4 h1:HyLkJOKmS/bdFrvymRyw603uY0T48KtKv9VtECPn6bM=
github.com/alextanhongpin/testdump/jsondump v0.0.0-20250608043033-1b71f7f044e4/go.mod h1:0jSiH54iDOUNnX2bbo858EdjaB1z1/DVcSK9vp/KlPg=
github.com/alextanhongpin/testdump/pkg/cuetest v0.0.0-20240617040714-9d0b95c731bd h1:/lTDmicqlMJmlw9jLLKFqzz2EkPcvw6z5xcr7r1bACE=
github.com/alextanhongpin/testdump/pkg/cuetest v0.0.0-20240617040714-9d0b95c731bd/go.mod h1:jpCvETSgxhWmAuVMQGT7SXLlZEDEYXmP1FYEu/7vrbk=
github.com/alextanhongpin/testdump/pkg/diff v0.0.0-20240815130218-4368114cac78 h1:Dge6vU/TJ8VSIb/qmJCJOvTeSvD9LE7IR9oF62R/XVk=
github.com/alextanhongpin/testdump/pkg/diff v0.0.0-20240815130218-4368114cac78/go.mod h1:G2g+ua+3rXatKhXe8pvP7QopFCVJ/y+0hGuqIEZ4Pio=
github.com/alextanhongpin/testdump/pkg/file v0.0.0-20240815130218-4368114cac78 h1:C4kK6dDwFF7fJ2EBXw4A3Xnj6fDcyNp9CUnaxMVTJhU=
github.com/alextanhongpin/testdump/pkg/file v0.0.0-20240815130218-4368114cac78/go.mod h1:VjrYSZIWcWhyJI/JFn1zKDMvPCkZz9u3hJrm/qREZE8=
github.com/alextanhongpin/testdump/pkg/reviver v0.0.0-20250416130825-f5d418e5c073 h1:U8SW4nCdRJBwS8qhvWThk8cHREKnz8e4XQmp8E+Vd5M=
github.com/alextanhongpin/testdump/pkg/reviver v0.0.0-20250416130825-f5d418e5c073/go.mod h1:lAUgUptynW4bE3EIEFSpX4MZhJqxvy7AEW6eBQb71hY=
github.com/alextanhongpin/testdump/pkg/snapshot v0.0.0-20240815130218-4368114cac78 h1:OQYVU2x+m1X9MktSJ0tev2reCkh73g8+uevAuwqsDzU=
github.com/alextanhongpin/testdump/pkg/snapshot v0.0.0-20240815130218-4368114cac78/go.mod h1:KE5TrgWzFr7ZsmCqtN2p8GHSuJygE0bdep/QcZ1/di0=
github.com/andybalholm/cascadia v1.3.2 h1:3Xi6Dw5lHF15JtdcmAHD3i1+T8plmv7BQ/nsViSLyss=
github.com/andybalholm/cascadia v1.3.2/go.mod h1:7gtRlve5FxPPgIgX36uWBX58OdBsSS6lUvCFb+h7KvU=
github.com/cockroachdb/apd/v3 v3.2.1 h1:U+8j7t0axsIgvQUqthuNm82HIrYXodOV2iWLWtEaIwg=
github.com/cockroachdb/apd/v3 v3.2.1/go.mod h1:klXJcjp+FffLTHlhIG69tezTDvdP065naDsHzKhYSqc=
github.com/davecgh/go-spew v1.1.1 h1:vj9j/u1bqnvCEfJOwUhtlOARqs3+rkHYY13jYWTU97c=
github.com/davecgh/go-spew v1.1.1/go.mod h1:J7Y8YcW2NihsgmVo/mv3lAwl/skON4iLHjSsI+c5H38=
github.com/emicklei/proto v1.10.0 h1:pDGyFRVV5RvV+nkBK9iy3q67FBy9Xa7vwrOTE+g5aGw=
github.com/emicklei/proto v1.10.0/go.mod h1:rn1FgRS/FANiZdD2djyH7TMA9jdRDcYQ9IEN9yvjX0A=
github.com/golang-jwt/jwt/v5 v5.2.1 h1:OuVbFODueb089Lh128TAcimifWaLhJwVflnrgM17wHk=
github.com/golang-jwt/jwt/v5 v5.2.1/go.mod h1:pqrtFR0X4osieyHYxtmOUWsAWrfe1Q5UVIyoH402zdk=
github.com/google/go-cmp v0.7.0 h1:wk8382ETsv4JYUZwIsn6YpYiWiBsYLSJiTsyBybVuN8=
github.com/google/go-cmp v0.7.0/go.mod h1:pXiqmnSA92OHEEa9HXL2W4E7lf9JzCmGVUdgjX3N/iU=
github.com/google/uuid v1.6.0 h1:NIvaJDMOsjHA8n1jAhLSgzrAzy1Hgr+hNrb57e+94F0=
github.com/google/uuid v1.6.0/go.mod h1:TIyPZe4MgqvfeYDBFedMoGGpEw/LqOeaOT+nhxU+yHo=
github.com/mitchellh/go-wordwrap v1.0.1 h1:TLuKupo69TCn6TQSyGxwI1EblZZEsQ0vMlAFQflz0v0=
github.com/mitchellh/go-wordwrap v1.0.1/go.mod h1:R62XHJLzvMFRBbcrT7m7WgmE1eOyTSsCt+hzestvNj0=
github.com/opencontainers/go-digest v1.0.0 h1:apOUWs51W5PlhuyGyz9FCeeBIOUDA/6nW8Oi/yOhh5U=
github.com/opencontainers/go-digest v1.0.0/go.mod h1:0JzlMkj0TRzQZfJkVvzbP0HBR3IKzErnv2BNG4W4MAM=
github.com/opencontainers/image-spec v1.1.0 h1:8SG7/vwALn54lVB/0yZ/MMwhFrPYtpEHQb2IpWsCzug=
github.com/opencontainers/image-spec v1.1.0/go.mod h1:W4s4sFTMaBeK1BQLXbG4AdM2szdn85PY75RI83NrTrM=
github.com/pmezard/go-difflib v1.0.0 h1:4DBwDE0NGyQoBHbLQYPwSUPoCMWR5BEzIk/f1lZbAQM=
github.com/pmezard/go-difflib v1.0.0/go.mod h1:iKH77koFhYxTK1pcRnkKkqfTogsbg7gZNVY4sRDYZ/4=
github.com/protocolbuffers/txtpbfmt v0.0.0-20230328191034-3462fbc510c0 h1:sadMIsgmHpEOGbUs6VtHBXRR1OHevnj7hLx9ZcdNGW4=
github.com/protocolbuffers/txtpbfmt v0.0.0-20230328191034-3462fbc510c0/go.mod h1:jgxiZysxFPM+iWKwQwPR+y+Jvo54ARd4EisXxKYpB5c=
github.com/rogpeppe/go-internal v1.12.0 h1:exVL4IDcn6na9z1rAb56Vxr+CgyK3nn3O+epU5NdKM8=
github.com/rogpeppe/go-internal v1.12.0/go.mod h1:E+RYuTGaKKdloAfM02xzb0FW3Paa99yedzYV+kq4uf4=
github.com/stretchr/testify v1.9.0 h1:HtqpIVDClZ4nwg75+f6Lvsy/wHu+3BoSGCbBAcpTsTg=
github.com/stretchr/testify v1.9.0/go.mod h1:r2ic/lqez/lEtzL7wO/rwa5dbSLXVDPFyf8C91i36aY=
golang.org/x/net v0.38.0 h1:vRMAPTMaeGqVhG5QyLJHqNDwecKTomGeqbnfZyKlBI8=
golang.org/x/net v0.38.0/go.mod h1:ivrbrMbzFq5J41QOQh0siUuly180yBYtLp+CKbEaFx8=
golang.org/x/oauth2 v0.28.0 h1:CrgCKl8PPAVtLnU3c+EDw6x11699EWlsDeWNWKdIOkc=
golang.org/x/oauth2 v0.28.0/go.mod h1:onh5ek6nERTohokkhCD/y2cV4Do3fxFHFuAejCkRWT8=
golang.org/x/sys v0.33.0 h1:q3i8TbbEz+JRD9ywIRlyRAQbM0qF7hu24q3teo2hbuw=
golang.org/x/sys v0.33.0/go.mod h1:BJP2sWEmIv4KK5OTEluFJCKSidICx8ciO85XgH3Ak8k=
golang.org/x/text v0.23.0 h1:D71I7dUrlY+VX0gQShAThNGHFxZ13dGLBHQLVl1mJlY=
golang.org/x/text v0.23.0/go.mod h1:/BLNzu4aZCJ1+kcD0DNRotWKage4q2rGVAg4o22unh4=
golang.org/x/tools v0.22.0 h1:gqSGLZqv+AI9lIQzniJ0nZDRG5GBPsSi+DRNHWNz6yA=
golang.org/x/tools v0.22.0/go.mod h1:aCwcsjqvq7Yqt6TNyX7QMU2enbQ/Gt0bo6krSeEri+c=
google.golang.org/genproto/googleapis/rpc v0.0.0-20250324211829-b45e905df463 h1:e0AIkUUhxyBKh6ssZNrAMeqhA7RKUj42346d1y02i2g=
google.golang.org/genproto/googleapis/rpc v0.0.0-20250324211829-b45e905df463/go.mod h1:qQ0YXyHHx3XkvlzUtpXDkS29lDSafHMZBAZDc03LQ3A=
google.golang.org/grpc v1.73.0 h1:VIWSmpI2MegBtTuFt5/JWy2oXxtjJ/e89Z70ImfD2ok=
google.golang.org/grpc v1.73.0/go.mod h1:50sbHOUqWoCQGI8V2HQLJM0B+LMlIUjNSZmow7EVBQc=
google.golang.org/protobuf v1.36.6 h1:z1NpPI8ku2WgiWnf+t9wTPsn6eP1L7ksHUlkfLvd9xY=
google.golang.org/protobuf v1.36.6/go.mod h1:jduwjTPXsFjZGTmRluh+L6NjiWu7pchiJ2/5YcXBHnY=
gopkg.in/check.v1 v0.0.0-20161208181325-20d25e280405 h1:yhCVgyC4o1eVCa2tZl7eS0r+SDo693bJlVdllGtEeKM=
gopkg.in/check.v1 v0.0.0-20161208181325-20d25e280405/go.mod h1:Co6ibVJAznAaIkqp8huTwlJQCZ016jof/cbN4VW5Yz0=
gopkg.in/yaml.v3 v3.0.1 h1:fxVm/GzAzEWqLHuvctI91KS9hhNmmWOoWu0XTYJS7CA=
gopkg.in/yaml.v3 v3.0.1/go.mod h1:K4uyk7z7BCEPqu6E+C64Yfv1cQ7kz7rIZviUmN+EgEM=
